
Microsoft Visual Studio Solution File, Format Version 12.00
# Visual Studio 14
VisualStudioVersion = 14.0.25420.1
MinimumVisualStudioVersion = 10.0.40219.1
Project("{FAE04EC0-301F-11D3-BF4B-00C04F79EFBC}") = "DesignPattern", "DesignPattern\DesignPattern.csproj", "{73F50B20-5E68-48EF-BDC4-7C8F1768E515}"
EndProject
Project("{FAE04EC0-301F-11D3-BF4B-00C04F79EFBC}") = "Singleton", "Singleton\Singleton.csproj", "{39D5D0B4-77B8-48E9-8D58-1F269B354B73}"
EndProject
Project("{FAE04EC0-301F-11D3-BF4B-00C04F79EFBC}") = "FactoryMethod", "FactoryMethod\FactoryMethod.csproj", "{4B176FD3-907E-4379-A74A-14380158E6E7}"
EndProject
Project("{FAE04EC0-301F-11D3-BF4B-00C04F79EFBC}") = "AbstractFactoryPattern", "AbstractFactoryPattern\AbstractFactoryPattern.csproj", "{B917876F-15BE-4693-896C-D770150ED54A}"
EndProject
Project("{2150E333-8FDC-42A3-9474-1A3956D46DE8}") = "Solution Items", "Solution Items", "{DF481688-703E-403A-93E0-96AB748DB816}"
	ProjectSection(SolutionItems) = preProject
		TextFile1.txt = TextFile1.txt
	EndProjectSection
EndProject
Global
	GlobalSection(SolutionConfigurationPlatforms) = preSolution
		Debug|Any CPU = Debug|Any CPU
		Release|Any CPU = Release|Any CPU
	EndGlobalSection
	GlobalSection(ProjectConfigurationPlatforms) = postSolution
		{73F50B20-5E68-48EF-BDC4-7C8F1768E515}.Debug|Any CPU.ActiveCfg = Debug|Any CPU
		{73F50B20-5E68-48EF-BDC4-7C8F1768E515}.Debug|Any CPU.Build.0 = Debug|Any CPU
		{73F50B20-5E68-48EF-BDC4-7C8F1768E515}.Release|Any CPU.ActiveCfg = Release|Any CPU
		{73F50B20-5E68-48EF-BDC4-7C8F1768E515}.Release|Any CPU.Build.0 = Release|Any CPU
		{39D5D0B4-77B8-48E9-8D58-1F269B354B73}.Debug|Any CPU.ActiveCfg = Debug|Any CPU
		{39D5D0B4-77B8-48E9-8D58-1F269B354B73}.Debug|Any CPU.Build.0 = Debug|Any CPU
		{39D5D0B4-77B8-48E9-8D58-1F269B354B73}.Release|Any CPU.ActiveCfg = Release|Any CPU
		{39D5D0B4-77B8-48E9-8D58-1F269B354B73}.Release|Any CPU.Build.0 = Release|Any CPU
		{4B176FD3-907E-4379-A74A-14380158E6E7}.Debug|Any CPU.ActiveCfg = Debug|Any CPU
		{4B176FD3-907E-4379-A74A-14380158E6E7}.Debug|Any CPU.Build.0 = Debug|Any CPU
		{4B176FD3-907E-4379-A74A-14380158E6E7}.Release|Any CPU.ActiveCfg = Release|Any CPU
		{4B176FD3-907E-4379-A74A-14380158E6E7}.Release|Any CPU.Build.0 = Release|Any CPU
		{B917876F-15BE-4693-896C-D770150ED54A}.Debug|Any CPU.ActiveCfg = Debug|Any CPU
		{B917876F-15BE-4693-896C-D770150ED54A}.Debug|Any CPU.Build.0 = Debug|Any CPU
		{B917876F-15BE-4693-896C-D770150ED54A}.Release|Any CPU.ActiveCfg = Release|Any CPU
		{B917876F-15BE-4693-896C-D770150ED54A}.Release|Any CPU.Build.0 = Release|Any CPU
	EndGlobalSection
	GlobalSection(SolutionProperties) = preSolution
		HideSolutionNode = FALSE
	EndGlobalSection
EndGlobal
